
Microsoft Visual Studio Solution File, Format Version 12.00
# Visual Studio 2013
VisualStudioVersion = 12.0.31101.0
MinimumVisualStudioVersion = 10.0.40219.1
Project("{FAE04EC0-301F-11D3-BF4B-00C04F79EFBC}") = "03.Divisors", "03.Divisors\03.Divisors.csproj", "{D1E5149D-E59E-4FD0-A6C0-FBC5DE741FBD}"
EndProject
Project("{FAE04EC0-301F-11D3-BF4B-00C04F79EFBC}") = "09.Math.Pow(A+B, N)", "09.Math.Pow(A+B, N)\09.Math.Pow(A+B, N).csproj", "{FDC79179-1399-4B63-97C8-B3AD70074468}"
EndProject
Global
	GlobalSection(SolutionConfigurationPlatforms) = preSolution
		Debug|Any CPU = Debug|Any CPU
		Release|Any CPU = Release|Any CPU
	EndGlobalSection
	GlobalSection(ProjectConfigurationPlatforms) = postSolution
		{D1E5149D-E59E-4FD0-A6C0-FBC5DE741FBD}.Debug|Any CPU.ActiveCfg = Debug|Any CPU
		{D1E5149D-E59E-4FD0-A6C0-FBC5DE741FBD}.Debug|Any CPU.Build.0 = Debug|Any CPU
		{D1E5149D-E59E-4FD0-A6C0-FBC5DE741FBD}.Release|Any CPU.ActiveCfg = Release|Any CPU
		{D1E5149D-E59E-4FD0-A6C0-FBC5DE741FBD}.Release|Any CPU.Build.0 = Release|Any CPU
		{FDC79179-1399-4B63-97C8-B3AD70074468}.Debug|Any CPU.ActiveCfg = Debug|Any CPU
		{FDC79179-1399-4B63-97C8-B3AD70074468}.Debug|Any CPU.Build.0 = Debug|Any CPU
		{FDC79179-1399-4B63-97C8-B3AD70074468}.Release|Any CPU.ActiveCfg = Release|Any CPU
		{FDC79179-1399-4B63-97C8-B3AD70074468}.Release|Any CPU.Build.0 = Release|Any CPU
	EndGlobalSection
	GlobalSection(SolutionProperties) = preSolution
		HideSolutionNode = FALSE
	EndGlobalSection
EndGlobal
