
Microsoft Visual Studio Solution File, Format Version 12.00
# Visual Studio 2013
VisualStudioVersion = 12.0.31101.0
MinimumVisualStudioVersion = 10.0.40219.1
Project("{FAE04EC0-301F-11D3-BF4B-00C04F79EFBC}") = "PeshoFriends", "PeshoFriends\PeshoFriends.csproj", "{FC4CF1B8-8DCB-4F28-817D-F6F047A8A5CE}"
EndProject
Project("{FAE04EC0-301F-11D3-BF4B-00C04F79EFBC}") = "Salaries", "Salaries\Salaries.csproj", "{9818644A-FD90-44CA-BE80-E10D552D76EB}"
EndProject
Project("{2150E333-8FDC-42A3-9474-1A3956D46DE8}") = "TVCompany", "TVCompany", "{DA701A81-16B4-43B5-AE21-930BAFBC3547}"
	ProjectSection(SolutionItems) = preProject
		ReadThis.md = ReadThis.md
	EndProjectSection
EndProject
Project("{FAE04EC0-301F-11D3-BF4B-00C04F79EFBC}") = "PrimAlgorytm", "TVCompany\PrimAlgorytm\PrimAlgorytm.csproj", "{5D016916-7EBB-43A8-99DB-37F9513203E0}"
EndProject
Global
	GlobalSection(SolutionConfigurationPlatforms) = preSolution
		Debug|Any CPU = Debug|Any CPU
		Release|Any CPU = Release|Any CPU
	EndGlobalSection
	GlobalSection(ProjectConfigurationPlatforms) = postSolution
		{FC4CF1B8-8DCB-4F28-817D-F6F047A8A5CE}.Debug|Any CPU.ActiveCfg = Debug|Any CPU
		{FC4CF1B8-8DCB-4F28-817D-F6F047A8A5CE}.Debug|Any CPU.Build.0 = Debug|Any CPU
		{FC4CF1B8-8DCB-4F28-817D-F6F047A8A5CE}.Release|Any CPU.ActiveCfg = Release|Any CPU
		{FC4CF1B8-8DCB-4F28-817D-F6F047A8A5CE}.Release|Any CPU.Build.0 = Release|Any CPU
		{9818644A-FD90-44CA-BE80-E10D552D76EB}.Debug|Any CPU.ActiveCfg = Debug|Any CPU
		{9818644A-FD90-44CA-BE80-E10D552D76EB}.Debug|Any CPU.Build.0 = Debug|Any CPU
		{9818644A-FD90-44CA-BE80-E10D552D76EB}.Release|Any CPU.ActiveCfg = Release|Any CPU
		{9818644A-FD90-44CA-BE80-E10D552D76EB}.Release|Any CPU.Build.0 = Release|Any CPU
		{5D016916-7EBB-43A8-99DB-37F9513203E0}.Debug|Any CPU.ActiveCfg = Debug|Any CPU
		{5D016916-7EBB-43A8-99DB-37F9513203E0}.Debug|Any CPU.Build.0 = Debug|Any CPU
		{5D016916-7EBB-43A8-99DB-37F9513203E0}.Release|Any CPU.ActiveCfg = Release|Any CPU
		{5D016916-7EBB-43A8-99DB-37F9513203E0}.Release|Any CPU.Build.0 = Release|Any CPU
	EndGlobalSection
	GlobalSection(SolutionProperties) = preSolution
		HideSolutionNode = FALSE
	EndGlobalSection
	GlobalSection(NestedProjects) = preSolution
		{5D016916-7EBB-43A8-99DB-37F9513203E0} = {DA701A81-16B4-43B5-AE21-930BAFBC3547}
	EndGlobalSection
EndGlobal
