
Microsoft Visual Studio Solution File, Format Version 12.00
# Visual Studio 2013
VisualStudioVersion = 12.0.31101.0
MinimumVisualStudioVersion = 10.0.40219.1
Project("{FAE04EC0-301F-11D3-BF4B-00C04F79EFBC}") = "FibonacciTask", "FibonacciTask\FibonacciTask.csproj", "{E3EDE467-567C-4803-B3C4-D826138ABBB8}"
EndProject
Project("{FAE04EC0-301F-11D3-BF4B-00C04F79EFBC}") = "Stools", "Stools\Stools.csproj", "{049BA62C-AACE-4ECC-A02F-9B7690E151F8}"
EndProject
Project("{FAE04EC0-301F-11D3-BF4B-00C04F79EFBC}") = "Online-Shop", "Online-Shop\Online-Shop.csproj", "{92F25214-9E5E-45DD-883C-0A61BF8C9B77}"
EndProject
Global
	GlobalSection(SolutionConfigurationPlatforms) = preSolution
		Debug|Any CPU = Debug|Any CPU
		Release|Any CPU = Release|Any CPU
	EndGlobalSection
	GlobalSection(ProjectConfigurationPlatforms) = postSolution
		{E3EDE467-567C-4803-B3C4-D826138ABBB8}.Debug|Any CPU.ActiveCfg = Debug|Any CPU
		{E3EDE467-567C-4803-B3C4-D826138ABBB8}.Debug|Any CPU.Build.0 = Debug|Any CPU
		{E3EDE467-567C-4803-B3C4-D826138ABBB8}.Release|Any CPU.ActiveCfg = Release|Any CPU
		{E3EDE467-567C-4803-B3C4-D826138ABBB8}.Release|Any CPU.Build.0 = Release|Any CPU
		{049BA62C-AACE-4ECC-A02F-9B7690E151F8}.Debug|Any CPU.ActiveCfg = Debug|Any CPU
		{049BA62C-AACE-4ECC-A02F-9B7690E151F8}.Debug|Any CPU.Build.0 = Debug|Any CPU
		{049BA62C-AACE-4ECC-A02F-9B7690E151F8}.Release|Any CPU.ActiveCfg = Release|Any CPU
		{049BA62C-AACE-4ECC-A02F-9B7690E151F8}.Release|Any CPU.Build.0 = Release|Any CPU
		{92F25214-9E5E-45DD-883C-0A61BF8C9B77}.Debug|Any CPU.ActiveCfg = Debug|Any CPU
		{92F25214-9E5E-45DD-883C-0A61BF8C9B77}.Debug|Any CPU.Build.0 = Debug|Any CPU
		{92F25214-9E5E-45DD-883C-0A61BF8C9B77}.Release|Any CPU.ActiveCfg = Release|Any CPU
		{92F25214-9E5E-45DD-883C-0A61BF8C9B77}.Release|Any CPU.Build.0 = Release|Any CPU
	EndGlobalSection
	GlobalSection(SolutionProperties) = preSolution
		HideSolutionNode = FALSE
	EndGlobalSection
EndGlobal
