
Microsoft Visual Studio Solution File, Format Version 12.00
# Visual Studio 2013
VisualStudioVersion = 12.0.31101.0
MinimumVisualStudioVersion = 10.0.40219.1
Project("{FAE04EC0-301F-11D3-BF4B-00C04F79EFBC}") = "01AllocateArray", "01AllocateArray\01AllocateArray.csproj", "{56A5329A-07A6-4301-B6E0-0B8426593CCD}"
EndProject
Project("{FAE04EC0-301F-11D3-BF4B-00C04F79EFBC}") = "P02CompareArrays", "P02CompareArrays\P02CompareArrays.csproj", "{F1E0D43D-7990-44E0-B21A-E1BF71C3365F}"
EndProject
Project("{FAE04EC0-301F-11D3-BF4B-00C04F79EFBC}") = "P03CharArrays", "P03CharArrays\P03CharArrays.csproj", "{B73F3581-A79C-42FA-BC48-F967A2E381E7}"
EndProject
Project("{FAE04EC0-301F-11D3-BF4B-00C04F79EFBC}") = "P04MaximalSequence", "P04MaximalSequence\P04MaximalSequence.csproj", "{E1E786A0-B4A8-47C5-9B7E-A0086ABC21A8}"
EndProject
Project("{FAE04EC0-301F-11D3-BF4B-00C04F79EFBC}") = "P07Selectionsort", "P07Selectionsort\P07Selectionsort.csproj", "{2239B648-05B6-490A-BC33-C620B862FB80}"
EndProject
Project("{FAE04EC0-301F-11D3-BF4B-00C04F79EFBC}") = "P05Maxincreasing", "P05Maxincreasing\P05Maxincreasing.csproj", "{F3101F43-A914-419E-BC76-40BC0F813D92}"
EndProject
Project("{FAE04EC0-301F-11D3-BF4B-00C04F79EFBC}") = "P06MaximalKsum", "P06MaximalKsum\P06MaximalKsum.csproj", "{D378BF35-1F4D-45D0-A96C-A12EF63617E3}"
EndProject
Project("{FAE04EC0-301F-11D3-BF4B-00C04F79EFBC}") = "P08MaximalSum", "P08MaximalSum\P08MaximalSum.csproj", "{6E4FFFF5-D232-4891-BDE2-AC8C41A58E05}"
EndProject
Project("{FAE04EC0-301F-11D3-BF4B-00C04F79EFBC}") = "P09FrequentNumber", "P09FrequentNumber\P09FrequentNumber.csproj", "{A7595792-B40F-4666-BC5A-C9998A401DB9}"
EndProject
Project("{FAE04EC0-301F-11D3-BF4B-00C04F79EFBC}") = "P10FindSumInArray", "P10FindSumInArray\P10FindSumInArray.csproj", "{B2FE23ED-D09F-4C8E-9444-25CBD5EB9B47}"
EndProject
Project("{FAE04EC0-301F-11D3-BF4B-00C04F79EFBC}") = "P11BinarySearch", "P11BinarySearch\P11BinarySearch.csproj", "{2D32B8C0-5D4A-4754-AD28-CCA3E4BB392F}"
EndProject
Project("{FAE04EC0-301F-11D3-BF4B-00C04F79EFBC}") = "P12IndexOfLetters", "P12IndexOfLetters\P12IndexOfLetters.csproj", "{07BF913A-6BD6-4773-ABDB-BCA1AF9B19E1}"
EndProject
Project("{FAE04EC0-301F-11D3-BF4B-00C04F79EFBC}") = "P13MergeSort", "P13MergeSort\P13MergeSort.csproj", "{E70E9BBE-5C57-405D-8F27-E4A5EFBE55C1}"
EndProject
Project("{FAE04EC0-301F-11D3-BF4B-00C04F79EFBC}") = "P14QuickSort", "P14QuickSort\P14QuickSort.csproj", "{079B1B9A-FC62-4927-BD97-BCABC9F07652}"
EndProject
Project("{FAE04EC0-301F-11D3-BF4B-00C04F79EFBC}") = "P15PrimeNumber", "P15PrimeNumber\P15PrimeNumber.csproj", "{C809F429-67BD-458F-B8FD-E765577E9B72}"
EndProject
Project("{FAE04EC0-301F-11D3-BF4B-00C04F79EFBC}") = "P16SubSetWithSumS", "P16SubSetWithSumS\P16SubSetWithSumS.csproj", "{9D16B326-0393-4D36-BE56-9F6D1A403750}"
EndProject
Project("{FAE04EC0-301F-11D3-BF4B-00C04F79EFBC}") = "P18RemoveElementsFromArray", "P018RemoveElementsFromArray\P18RemoveElementsFromArray.csproj", "{77245FFF-0B4C-4F47-888E-53940F607F57}"
EndProject
Project("{FAE04EC0-301F-11D3-BF4B-00C04F79EFBC}") = "P19PermutationsOfset", "P19PermutationsOfset\P19PermutationsOfset.csproj", "{D7F870EB-C2C8-400F-A2E3-6A0937C543B5}"
EndProject
Project("{FAE04EC0-301F-11D3-BF4B-00C04F79EFBC}") = "P20VariousOfset", "P20VariousOfset\P20VariousOfset.csproj", "{EC768DCA-AD85-4C11-8F0D-DB89FFEC488C}"
EndProject
Project("{FAE04EC0-301F-11D3-BF4B-00C04F79EFBC}") = "P21Combinations", "P21Combinations\P21Combinations.csproj", "{EC283991-CD32-4553-B14F-4EF5E5C7583A}"
EndProject
Global
	GlobalSection(SolutionConfigurationPlatforms) = preSolution
		Debug|Any CPU = Debug|Any CPU
		Release|Any CPU = Release|Any CPU
	EndGlobalSection
	GlobalSection(ProjectConfigurationPlatforms) = postSolution
		{56A5329A-07A6-4301-B6E0-0B8426593CCD}.Debug|Any CPU.ActiveCfg = Debug|Any CPU
		{56A5329A-07A6-4301-B6E0-0B8426593CCD}.Debug|Any CPU.Build.0 = Debug|Any CPU
		{56A5329A-07A6-4301-B6E0-0B8426593CCD}.Release|Any CPU.ActiveCfg = Release|Any CPU
		{56A5329A-07A6-4301-B6E0-0B8426593CCD}.Release|Any CPU.Build.0 = Release|Any CPU
		{F1E0D43D-7990-44E0-B21A-E1BF71C3365F}.Debug|Any CPU.ActiveCfg = Debug|Any CPU
		{F1E0D43D-7990-44E0-B21A-E1BF71C3365F}.Debug|Any CPU.Build.0 = Debug|Any CPU
		{F1E0D43D-7990-44E0-B21A-E1BF71C3365F}.Release|Any CPU.ActiveCfg = Release|Any CPU
		{F1E0D43D-7990-44E0-B21A-E1BF71C3365F}.Release|Any CPU.Build.0 = Release|Any CPU
		{B73F3581-A79C-42FA-BC48-F967A2E381E7}.Debug|Any CPU.ActiveCfg = Debug|Any CPU
		{B73F3581-A79C-42FA-BC48-F967A2E381E7}.Debug|Any CPU.Build.0 = Debug|Any CPU
		{B73F3581-A79C-42FA-BC48-F967A2E381E7}.Release|Any CPU.ActiveCfg = Release|Any CPU
		{B73F3581-A79C-42FA-BC48-F967A2E381E7}.Release|Any CPU.Build.0 = Release|Any CPU
		{E1E786A0-B4A8-47C5-9B7E-A0086ABC21A8}.Debug|Any CPU.ActiveCfg = Debug|Any CPU
		{E1E786A0-B4A8-47C5-9B7E-A0086ABC21A8}.Debug|Any CPU.Build.0 = Debug|Any CPU
		{E1E786A0-B4A8-47C5-9B7E-A0086ABC21A8}.Release|Any CPU.ActiveCfg = Release|Any CPU
		{E1E786A0-B4A8-47C5-9B7E-A0086ABC21A8}.Release|Any CPU.Build.0 = Release|Any CPU
		{2239B648-05B6-490A-BC33-C620B862FB80}.Debug|Any CPU.ActiveCfg = Debug|Any CPU
		{2239B648-05B6-490A-BC33-C620B862FB80}.Debug|Any CPU.Build.0 = Debug|Any CPU
		{2239B648-05B6-490A-BC33-C620B862FB80}.Release|Any CPU.ActiveCfg = Release|Any CPU
		{2239B648-05B6-490A-BC33-C620B862FB80}.Release|Any CPU.Build.0 = Release|Any CPU
		{F3101F43-A914-419E-BC76-40BC0F813D92}.Debug|Any CPU.ActiveCfg = Debug|Any CPU
		{F3101F43-A914-419E-BC76-40BC0F813D92}.Debug|Any CPU.Build.0 = Debug|Any CPU
		{F3101F43-A914-419E-BC76-40BC0F813D92}.Release|Any CPU.ActiveCfg = Release|Any CPU
		{F3101F43-A914-419E-BC76-40BC0F813D92}.Release|Any CPU.Build.0 = Release|Any CPU
		{D378BF35-1F4D-45D0-A96C-A12EF63617E3}.Debug|Any CPU.ActiveCfg = Debug|Any CPU
		{D378BF35-1F4D-45D0-A96C-A12EF63617E3}.Debug|Any CPU.Build.0 = Debug|Any CPU
		{D378BF35-1F4D-45D0-A96C-A12EF63617E3}.Release|Any CPU.ActiveCfg = Release|Any CPU
		{D378BF35-1F4D-45D0-A96C-A12EF63617E3}.Release|Any CPU.Build.0 = Release|Any CPU
		{6E4FFFF5-D232-4891-BDE2-AC8C41A58E05}.Debug|Any CPU.ActiveCfg = Debug|Any CPU
		{6E4FFFF5-D232-4891-BDE2-AC8C41A58E05}.Debug|Any CPU.Build.0 = Debug|Any CPU
		{6E4FFFF5-D232-4891-BDE2-AC8C41A58E05}.Release|Any CPU.ActiveCfg = Release|Any CPU
		{6E4FFFF5-D232-4891-BDE2-AC8C41A58E05}.Release|Any CPU.Build.0 = Release|Any CPU
		{A7595792-B40F-4666-BC5A-C9998A401DB9}.Debug|Any CPU.ActiveCfg = Debug|Any CPU
		{A7595792-B40F-4666-BC5A-C9998A401DB9}.Debug|Any CPU.Build.0 = Debug|Any CPU
		{A7595792-B40F-4666-BC5A-C9998A401DB9}.Release|Any CPU.ActiveCfg = Release|Any CPU
		{A7595792-B40F-4666-BC5A-C9998A401DB9}.Release|Any CPU.Build.0 = Release|Any CPU
		{B2FE23ED-D09F-4C8E-9444-25CBD5EB9B47}.Debug|Any CPU.ActiveCfg = Debug|Any CPU
		{B2FE23ED-D09F-4C8E-9444-25CBD5EB9B47}.Debug|Any CPU.Build.0 = Debug|Any CPU
		{B2FE23ED-D09F-4C8E-9444-25CBD5EB9B47}.Release|Any CPU.ActiveCfg = Release|Any CPU
		{B2FE23ED-D09F-4C8E-9444-25CBD5EB9B47}.Release|Any CPU.Build.0 = Release|Any CPU
		{2D32B8C0-5D4A-4754-AD28-CCA3E4BB392F}.Debug|Any CPU.ActiveCfg = Debug|Any CPU
		{2D32B8C0-5D4A-4754-AD28-CCA3E4BB392F}.Debug|Any CPU.Build.0 = Debug|Any CPU
		{2D32B8C0-5D4A-4754-AD28-CCA3E4BB392F}.Release|Any CPU.ActiveCfg = Release|Any CPU
		{2D32B8C0-5D4A-4754-AD28-CCA3E4BB392F}.Release|Any CPU.Build.0 = Release|Any CPU
		{07BF913A-6BD6-4773-ABDB-BCA1AF9B19E1}.Debug|Any CPU.ActiveCfg = Debug|Any CPU
		{07BF913A-6BD6-4773-ABDB-BCA1AF9B19E1}.Debug|Any CPU.Build.0 = Debug|Any CPU
		{07BF913A-6BD6-4773-ABDB-BCA1AF9B19E1}.Release|Any CPU.ActiveCfg = Release|Any CPU
		{07BF913A-6BD6-4773-ABDB-BCA1AF9B19E1}.Release|Any CPU.Build.0 = Release|Any CPU
		{E70E9BBE-5C57-405D-8F27-E4A5EFBE55C1}.Debug|Any CPU.ActiveCfg = Debug|Any CPU
		{E70E9BBE-5C57-405D-8F27-E4A5EFBE55C1}.Debug|Any CPU.Build.0 = Debug|Any CPU
		{E70E9BBE-5C57-405D-8F27-E4A5EFBE55C1}.Release|Any CPU.ActiveCfg = Release|Any CPU
		{E70E9BBE-5C57-405D-8F27-E4A5EFBE55C1}.Release|Any CPU.Build.0 = Release|Any CPU
		{079B1B9A-FC62-4927-BD97-BCABC9F07652}.Debug|Any CPU.ActiveCfg = Debug|Any CPU
		{079B1B9A-FC62-4927-BD97-BCABC9F07652}.Debug|Any CPU.Build.0 = Debug|Any CPU
		{079B1B9A-FC62-4927-BD97-BCABC9F07652}.Release|Any CPU.ActiveCfg = Release|Any CPU
		{079B1B9A-FC62-4927-BD97-BCABC9F07652}.Release|Any CPU.Build.0 = Release|Any CPU
		{C809F429-67BD-458F-B8FD-E765577E9B72}.Debug|Any CPU.ActiveCfg = Debug|Any CPU
		{C809F429-67BD-458F-B8FD-E765577E9B72}.Debug|Any CPU.Build.0 = Debug|Any CPU
		{C809F429-67BD-458F-B8FD-E765577E9B72}.Release|Any CPU.ActiveCfg = Release|Any CPU
		{C809F429-67BD-458F-B8FD-E765577E9B72}.Release|Any CPU.Build.0 = Release|Any CPU
		{9D16B326-0393-4D36-BE56-9F6D1A403750}.Debug|Any CPU.ActiveCfg = Debug|Any CPU
		{9D16B326-0393-4D36-BE56-9F6D1A403750}.Debug|Any CPU.Build.0 = Debug|Any CPU
		{9D16B326-0393-4D36-BE56-9F6D1A403750}.Release|Any CPU.ActiveCfg = Release|Any CPU
		{9D16B326-0393-4D36-BE56-9F6D1A403750}.Release|Any CPU.Build.0 = Release|Any CPU
		{77245FFF-0B4C-4F47-888E-53940F607F57}.Debug|Any CPU.ActiveCfg = Debug|Any CPU
		{77245FFF-0B4C-4F47-888E-53940F607F57}.Debug|Any CPU.Build.0 = Debug|Any CPU
		{77245FFF-0B4C-4F47-888E-53940F607F57}.Release|Any CPU.ActiveCfg = Release|Any CPU
		{77245FFF-0B4C-4F47-888E-53940F607F57}.Release|Any CPU.Build.0 = Release|Any CPU
		{D7F870EB-C2C8-400F-A2E3-6A0937C543B5}.Debug|Any CPU.ActiveCfg = Debug|Any CPU
		{D7F870EB-C2C8-400F-A2E3-6A0937C543B5}.Debug|Any CPU.Build.0 = Debug|Any CPU
		{D7F870EB-C2C8-400F-A2E3-6A0937C543B5}.Release|Any CPU.ActiveCfg = Release|Any CPU
		{D7F870EB-C2C8-400F-A2E3-6A0937C543B5}.Release|Any CPU.Build.0 = Release|Any CPU
		{EC768DCA-AD85-4C11-8F0D-DB89FFEC488C}.Debug|Any CPU.ActiveCfg = Debug|Any CPU
		{EC768DCA-AD85-4C11-8F0D-DB89FFEC488C}.Debug|Any CPU.Build.0 = Debug|Any CPU
		{EC768DCA-AD85-4C11-8F0D-DB89FFEC488C}.Release|Any CPU.ActiveCfg = Release|Any CPU
		{EC768DCA-AD85-4C11-8F0D-DB89FFEC488C}.Release|Any CPU.Build.0 = Release|Any CPU
		{EC283991-CD32-4553-B14F-4EF5E5C7583A}.Debug|Any CPU.ActiveCfg = Debug|Any CPU
		{EC283991-CD32-4553-B14F-4EF5E5C7583A}.Debug|Any CPU.Build.0 = Debug|Any CPU
		{EC283991-CD32-4553-B14F-4EF5E5C7583A}.Release|Any CPU.ActiveCfg = Release|Any CPU
		{EC283991-CD32-4553-B14F-4EF5E5C7583A}.Release|Any CPU.Build.0 = Release|Any CPU
	EndGlobalSection
	GlobalSection(SolutionProperties) = preSolution
		HideSolutionNode = FALSE
	EndGlobalSection
EndGlobal
