
Microsoft Visual Studio Solution File, Format Version 12.00
# Visual Studio 2013
VisualStudioVersion = 12.0.31101.0
MinimumVisualStudioVersion = 10.0.40219.1
Project("{FAE04EC0-301F-11D3-BF4B-00C04F79EFBC}") = "P01FillTheMatrixx", "P01FillTheMatrixx\P01FillTheMatrixx.csproj", "{112EF1E6-857B-449F-A0F9-CC5783F8F676}"
EndProject
Project("{FAE04EC0-301F-11D3-BF4B-00C04F79EFBC}") = "P02MaxicalSum", "P02MaxicalSum\P02MaxicalSum.csproj", "{5A9A5CCE-AC3D-407A-99BE-DF74A7CDB466}"
EndProject
Project("{FAE04EC0-301F-11D3-BF4B-00C04F79EFBC}") = "P03SequenceNmatrix", "P03SequenceNmatrix\P03SequenceNmatrix.csproj", "{F65CAEEF-047E-4985-AC53-60D1DF02B015}"
EndProject
Project("{FAE04EC0-301F-11D3-BF4B-00C04F79EFBC}") = "P04BinarySearch", "04BinarySearch\P04BinarySearch.csproj", "{50D2A7F8-22A1-455B-AA7D-45BAC7293BEE}"
EndProject
Project("{FAE04EC0-301F-11D3-BF4B-00C04F79EFBC}") = "P05SortByStringLenght", "P05SortByStringLenght\P05SortByStringLenght.csproj", "{674F73E8-84BE-4E3B-9F63-0882753EEA61}"
EndProject
Global
	GlobalSection(SolutionConfigurationPlatforms) = preSolution
		Debug|Any CPU = Debug|Any CPU
		Release|Any CPU = Release|Any CPU
	EndGlobalSection
	GlobalSection(ProjectConfigurationPlatforms) = postSolution
		{112EF1E6-857B-449F-A0F9-CC5783F8F676}.Debug|Any CPU.ActiveCfg = Debug|Any CPU
		{112EF1E6-857B-449F-A0F9-CC5783F8F676}.Debug|Any CPU.Build.0 = Debug|Any CPU
		{112EF1E6-857B-449F-A0F9-CC5783F8F676}.Release|Any CPU.ActiveCfg = Release|Any CPU
		{112EF1E6-857B-449F-A0F9-CC5783F8F676}.Release|Any CPU.Build.0 = Release|Any CPU
		{5A9A5CCE-AC3D-407A-99BE-DF74A7CDB466}.Debug|Any CPU.ActiveCfg = Debug|Any CPU
		{5A9A5CCE-AC3D-407A-99BE-DF74A7CDB466}.Debug|Any CPU.Build.0 = Debug|Any CPU
		{5A9A5CCE-AC3D-407A-99BE-DF74A7CDB466}.Release|Any CPU.ActiveCfg = Release|Any CPU
		{5A9A5CCE-AC3D-407A-99BE-DF74A7CDB466}.Release|Any CPU.Build.0 = Release|Any CPU
		{F65CAEEF-047E-4985-AC53-60D1DF02B015}.Debug|Any CPU.ActiveCfg = Debug|Any CPU
		{F65CAEEF-047E-4985-AC53-60D1DF02B015}.Debug|Any CPU.Build.0 = Debug|Any CPU
		{F65CAEEF-047E-4985-AC53-60D1DF02B015}.Release|Any CPU.ActiveCfg = Release|Any CPU
		{F65CAEEF-047E-4985-AC53-60D1DF02B015}.Release|Any CPU.Build.0 = Release|Any CPU
		{50D2A7F8-22A1-455B-AA7D-45BAC7293BEE}.Debug|Any CPU.ActiveCfg = Debug|Any CPU
		{50D2A7F8-22A1-455B-AA7D-45BAC7293BEE}.Debug|Any CPU.Build.0 = Debug|Any CPU
		{50D2A7F8-22A1-455B-AA7D-45BAC7293BEE}.Release|Any CPU.ActiveCfg = Release|Any CPU
		{50D2A7F8-22A1-455B-AA7D-45BAC7293BEE}.Release|Any CPU.Build.0 = Release|Any CPU
		{674F73E8-84BE-4E3B-9F63-0882753EEA61}.Debug|Any CPU.ActiveCfg = Debug|Any CPU
		{674F73E8-84BE-4E3B-9F63-0882753EEA61}.Debug|Any CPU.Build.0 = Debug|Any CPU
		{674F73E8-84BE-4E3B-9F63-0882753EEA61}.Release|Any CPU.ActiveCfg = Release|Any CPU
		{674F73E8-84BE-4E3B-9F63-0882753EEA61}.Release|Any CPU.Build.0 = Release|Any CPU
	EndGlobalSection
	GlobalSection(SolutionProperties) = preSolution
		HideSolutionNode = FALSE
	EndGlobalSection
EndGlobal
