
Microsoft Visual Studio Solution File, Format Version 12.00
# Visual Studio 14
VisualStudioVersion = 14.0.24720.0
MinimumVisualStudioVersion = 10.0.40219.1
Project("{FAE04EC0-301F-11D3-BF4B-00C04F79EFBC}") = "01.TypeOfTheBrowser", "01.TypeOfTheBrowser\01.TypeOfTheBrowser.csproj", "{3D06DE5A-CB64-441F-883E-7152DC5BDBF9}"
EndProject
Project("{FAE04EC0-301F-11D3-BF4B-00C04F79EFBC}") = "02.SessionLife", "02.SessionLife\02.SessionLife.csproj", "{17CEB64E-F1FC-47F3-A146-002E093A1472}"
EndProject
Project("{FAE04EC0-301F-11D3-BF4B-00C04F79EFBC}") = "03.CookiesWorkl", "03.CookiesWorkl\03.CookiesWorkl.csproj", "{8001BC7E-D588-4933-A650-DD6934C63AEB}"
EndProject
Project("{FAE04EC0-301F-11D3-BF4B-00C04F79EFBC}") = "04.ViewStateDelete", "04.ViewStateDelete\04.ViewStateDelete.csproj", "{15E54994-C9F6-4C47-A68E-22CB350381D2}"
EndProject
Project("{FAE04EC0-301F-11D3-BF4B-00C04F79EFBC}") = "05.WebCounter", "05.WebCounter\05.WebCounter.csproj", "{08CC9FD7-CC53-4EA1-B181-0A706251924E}"
EndProject
Global
	GlobalSection(SolutionConfigurationPlatforms) = preSolution
		Debug|Any CPU = Debug|Any CPU
		Release|Any CPU = Release|Any CPU
	EndGlobalSection
	GlobalSection(ProjectConfigurationPlatforms) = postSolution
		{3D06DE5A-CB64-441F-883E-7152DC5BDBF9}.Debug|Any CPU.ActiveCfg = Debug|Any CPU
		{3D06DE5A-CB64-441F-883E-7152DC5BDBF9}.Debug|Any CPU.Build.0 = Debug|Any CPU
		{3D06DE5A-CB64-441F-883E-7152DC5BDBF9}.Release|Any CPU.ActiveCfg = Release|Any CPU
		{3D06DE5A-CB64-441F-883E-7152DC5BDBF9}.Release|Any CPU.Build.0 = Release|Any CPU
		{17CEB64E-F1FC-47F3-A146-002E093A1472}.Debug|Any CPU.ActiveCfg = Debug|Any CPU
		{17CEB64E-F1FC-47F3-A146-002E093A1472}.Debug|Any CPU.Build.0 = Debug|Any CPU
		{17CEB64E-F1FC-47F3-A146-002E093A1472}.Release|Any CPU.ActiveCfg = Release|Any CPU
		{17CEB64E-F1FC-47F3-A146-002E093A1472}.Release|Any CPU.Build.0 = Release|Any CPU
		{8001BC7E-D588-4933-A650-DD6934C63AEB}.Debug|Any CPU.ActiveCfg = Debug|Any CPU
		{8001BC7E-D588-4933-A650-DD6934C63AEB}.Debug|Any CPU.Build.0 = Debug|Any CPU
		{8001BC7E-D588-4933-A650-DD6934C63AEB}.Release|Any CPU.ActiveCfg = Release|Any CPU
		{8001BC7E-D588-4933-A650-DD6934C63AEB}.Release|Any CPU.Build.0 = Release|Any CPU
		{15E54994-C9F6-4C47-A68E-22CB350381D2}.Debug|Any CPU.ActiveCfg = Debug|Any CPU
		{15E54994-C9F6-4C47-A68E-22CB350381D2}.Debug|Any CPU.Build.0 = Debug|Any CPU
		{15E54994-C9F6-4C47-A68E-22CB350381D2}.Release|Any CPU.ActiveCfg = Release|Any CPU
		{15E54994-C9F6-4C47-A68E-22CB350381D2}.Release|Any CPU.Build.0 = Release|Any CPU
		{08CC9FD7-CC53-4EA1-B181-0A706251924E}.Debug|Any CPU.ActiveCfg = Debug|Any CPU
		{08CC9FD7-CC53-4EA1-B181-0A706251924E}.Debug|Any CPU.Build.0 = Debug|Any CPU
		{08CC9FD7-CC53-4EA1-B181-0A706251924E}.Release|Any CPU.ActiveCfg = Release|Any CPU
		{08CC9FD7-CC53-4EA1-B181-0A706251924E}.Release|Any CPU.Build.0 = Release|Any CPU
	EndGlobalSection
	GlobalSection(SolutionProperties) = preSolution
		HideSolutionNode = FALSE
	EndGlobalSection
EndGlobal
