
Microsoft Visual Studio Solution File, Format Version 12.00
# Visual Studio 2013
VisualStudioVersion = 12.0.31101.0
MinimumVisualStudioVersion = 10.0.40219.1
Project("{FAE04EC0-301F-11D3-BF4B-00C04F79EFBC}") = "P01StringsInCSharp", "P01StringsInCSharp\P01StringsInCSharp.csproj", "{39DB2F63-83BB-41C4-A405-BE8B0BA2A9E2}"
EndProject
Project("{FAE04EC0-301F-11D3-BF4B-00C04F79EFBC}") = "P02ReverseString", "P02ReverseString\P02ReverseString.csproj", "{AE731D4A-0542-4EB6-80ED-9F39AFD80E9C}"
EndProject
Project("{FAE04EC0-301F-11D3-BF4B-00C04F79EFBC}") = "P03CorrectBrackets", "P03CorrectBrackets\P03CorrectBrackets.csproj", "{6FD9856B-BD48-4920-81E2-D452BCBB0217}"
EndProject
Project("{FAE04EC0-301F-11D3-BF4B-00C04F79EFBC}") = "p04SubStringInText", "p04SubStringInText\p04SubStringInText.csproj", "{C4E3920F-A154-4DC7-A7AE-AE10073A261F}"
EndProject
Project("{FAE04EC0-301F-11D3-BF4B-00C04F79EFBC}") = "P05ParseTags", "P05ParseTags\P05ParseTags.csproj", "{7209697D-12DD-48E2-91F8-53E15FF43F4B}"
EndProject
Project("{FAE04EC0-301F-11D3-BF4B-00C04F79EFBC}") = "P06StringLenght", "P06StringLenght\P06StringLenght.csproj", "{8188C5DD-67A2-4E5E-BA95-E9BAB81B9AEF}"
EndProject
Project("{FAE04EC0-301F-11D3-BF4B-00C04F79EFBC}") = "P07Encode_Decode", "P07Encode_Decode\P07Encode_Decode.csproj", "{0713418E-703C-4B3E-B861-8292E0436BCB}"
EndProject
Project("{FAE04EC0-301F-11D3-BF4B-00C04F79EFBC}") = "P08ExtractSentence", "P08ExtractSentence\P08ExtractSentence.csproj", "{60AABF02-B3EC-4F2F-9E94-8554394FDB60}"
EndProject
Project("{FAE04EC0-301F-11D3-BF4B-00C04F79EFBC}") = "P09ForbiddenWords", "P09ForbiddenWords\P09ForbiddenWords.csproj", "{4A4BAC10-C115-40E7-AC04-6147134BC780}"
EndProject
Project("{FAE04EC0-301F-11D3-BF4B-00C04F79EFBC}") = "P10UnicodeCharacters", "P10UnicodeCharacters\P10UnicodeCharacters.csproj", "{82CA3B95-C96D-46A7-9EAE-0ADDFC4A4DB6}"
EndProject
Project("{FAE04EC0-301F-11D3-BF4B-00C04F79EFBC}") = "P11FormatNumber", "P11FormatNumber\P11FormatNumber.csproj", "{628616B6-77F5-4939-A227-FC8866AE2B59}"
EndProject
Project("{FAE04EC0-301F-11D3-BF4B-00C04F79EFBC}") = "P12ParseUrl", "P12ParseUrl\P12ParseUrl.csproj", "{A0F0DF1C-3114-487D-8CA1-E4FD1B3F2E27}"
EndProject
Project("{FAE04EC0-301F-11D3-BF4B-00C04F79EFBC}") = "P13ReverseSentence", "P13ReverseSentence\P13ReverseSentence.csproj", "{E42A5167-3082-452B-B3CE-2BF0B5CBA7D5}"
EndProject
Project("{FAE04EC0-301F-11D3-BF4B-00C04F79EFBC}") = "P14WordDictionary2", "P14WordDictionary2\P14WordDictionary2.csproj", "{4FBA591C-B7EE-46BB-8790-A5B775E20C5D}"
EndProject
Project("{FAE04EC0-301F-11D3-BF4B-00C04F79EFBC}") = "P15RepalaceTags", "P15RepalaceTags\P15RepalaceTags.csproj", "{88DCD805-1BBB-43BB-8636-D0DA4BD9E6C0}"
EndProject
Project("{FAE04EC0-301F-11D3-BF4B-00C04F79EFBC}") = "P16DateDifferance", "P16DateDifferance\P16DateDifferance.csproj", "{229C97F7-89EE-45B3-BFC8-D198DA8402B2}"
EndProject
Project("{FAE04EC0-301F-11D3-BF4B-00C04F79EFBC}") = "P17DateInBulgarian", "P17DateInBulgarian\P17DateInBulgarian.csproj", "{2348503A-F3ED-47CB-A28E-F7B5D5B82971}"
EndProject
Project("{FAE04EC0-301F-11D3-BF4B-00C04F79EFBC}") = "P18ExtractE-mails", "P18ExtractE-mails\P18ExtractE-mails.csproj", "{0741F794-29C3-4BCE-AC5D-2B54345848C9}"
EndProject
Project("{FAE04EC0-301F-11D3-BF4B-00C04F79EFBC}") = "P19DatesFromTextInCanada", "P19DatesFromTextInCanada\P19DatesFromTextInCanada.csproj", "{B482F777-442D-4E1C-B54E-20BF4712B638}"
EndProject
Project("{FAE04EC0-301F-11D3-BF4B-00C04F79EFBC}") = "P20Palindromes", "P20Palindromes\P20Palindromes.csproj", "{CD3CCA6E-8E7D-4FB1-B8B3-7809181CE9AB}"
EndProject
Project("{FAE04EC0-301F-11D3-BF4B-00C04F79EFBC}") = "P21LettersCount", "P21LettersCount\P21LettersCount.csproj", "{776B0CA7-D810-4E50-BE47-F148449F4038}"
EndProject
Project("{FAE04EC0-301F-11D3-BF4B-00C04F79EFBC}") = "P22WordCount", "P22WordCount\P22WordCount.csproj", "{C08A5555-F4E9-48E1-B589-424318156F08}"
EndProject
Project("{FAE04EC0-301F-11D3-BF4B-00C04F79EFBC}") = "P23SeriesOfLetters", "P23SeriesOfLetters\P23SeriesOfLetters.csproj", "{8F6AED73-EA05-4030-9ABF-31AA24E68FAD}"
EndProject
Project("{FAE04EC0-301F-11D3-BF4B-00C04F79EFBC}") = "P24OrderWords", "P24OrderWords\P24OrderWords.csproj", "{5A3EC29F-D1CE-46A0-9DB3-19D6D290C7B0}"
EndProject
Project("{FAE04EC0-301F-11D3-BF4B-00C04F79EFBC}") = "P25ExtractTextFromHTML", "P25ExtractTextFromHTML\P25ExtractTextFromHTML.csproj", "{56BA6A12-4411-4145-B68C-61AAB6E91E52}"
EndProject
Project("{FAE04EC0-301F-11D3-BF4B-00C04F79EFBC}") = "Example", "Example\Example.csproj", "{F1993AB7-59FB-46E6-B6D4-71FD951E53A8}"
EndProject
Global
	GlobalSection(SolutionConfigurationPlatforms) = preSolution
		Debug|Any CPU = Debug|Any CPU
		Release|Any CPU = Release|Any CPU
	EndGlobalSection
	GlobalSection(ProjectConfigurationPlatforms) = postSolution
		{39DB2F63-83BB-41C4-A405-BE8B0BA2A9E2}.Debug|Any CPU.ActiveCfg = Debug|Any CPU
		{39DB2F63-83BB-41C4-A405-BE8B0BA2A9E2}.Debug|Any CPU.Build.0 = Debug|Any CPU
		{39DB2F63-83BB-41C4-A405-BE8B0BA2A9E2}.Release|Any CPU.ActiveCfg = Release|Any CPU
		{39DB2F63-83BB-41C4-A405-BE8B0BA2A9E2}.Release|Any CPU.Build.0 = Release|Any CPU
		{AE731D4A-0542-4EB6-80ED-9F39AFD80E9C}.Debug|Any CPU.ActiveCfg = Debug|Any CPU
		{AE731D4A-0542-4EB6-80ED-9F39AFD80E9C}.Debug|Any CPU.Build.0 = Debug|Any CPU
		{AE731D4A-0542-4EB6-80ED-9F39AFD80E9C}.Release|Any CPU.ActiveCfg = Release|Any CPU
		{AE731D4A-0542-4EB6-80ED-9F39AFD80E9C}.Release|Any CPU.Build.0 = Release|Any CPU
		{6FD9856B-BD48-4920-81E2-D452BCBB0217}.Debug|Any CPU.ActiveCfg = Debug|Any CPU
		{6FD9856B-BD48-4920-81E2-D452BCBB0217}.Debug|Any CPU.Build.0 = Debug|Any CPU
		{6FD9856B-BD48-4920-81E2-D452BCBB0217}.Release|Any CPU.ActiveCfg = Release|Any CPU
		{6FD9856B-BD48-4920-81E2-D452BCBB0217}.Release|Any CPU.Build.0 = Release|Any CPU
		{C4E3920F-A154-4DC7-A7AE-AE10073A261F}.Debug|Any CPU.ActiveCfg = Debug|Any CPU
		{C4E3920F-A154-4DC7-A7AE-AE10073A261F}.Debug|Any CPU.Build.0 = Debug|Any CPU
		{C4E3920F-A154-4DC7-A7AE-AE10073A261F}.Release|Any CPU.ActiveCfg = Release|Any CPU
		{C4E3920F-A154-4DC7-A7AE-AE10073A261F}.Release|Any CPU.Build.0 = Release|Any CPU
		{7209697D-12DD-48E2-91F8-53E15FF43F4B}.Debug|Any CPU.ActiveCfg = Debug|Any CPU
		{7209697D-12DD-48E2-91F8-53E15FF43F4B}.Debug|Any CPU.Build.0 = Debug|Any CPU
		{7209697D-12DD-48E2-91F8-53E15FF43F4B}.Release|Any CPU.ActiveCfg = Release|Any CPU
		{7209697D-12DD-48E2-91F8-53E15FF43F4B}.Release|Any CPU.Build.0 = Release|Any CPU
		{8188C5DD-67A2-4E5E-BA95-E9BAB81B9AEF}.Debug|Any CPU.ActiveCfg = Debug|Any CPU
		{8188C5DD-67A2-4E5E-BA95-E9BAB81B9AEF}.Debug|Any CPU.Build.0 = Debug|Any CPU
		{8188C5DD-67A2-4E5E-BA95-E9BAB81B9AEF}.Release|Any CPU.ActiveCfg = Release|Any CPU
		{8188C5DD-67A2-4E5E-BA95-E9BAB81B9AEF}.Release|Any CPU.Build.0 = Release|Any CPU
		{0713418E-703C-4B3E-B861-8292E0436BCB}.Debug|Any CPU.ActiveCfg = Debug|Any CPU
		{0713418E-703C-4B3E-B861-8292E0436BCB}.Debug|Any CPU.Build.0 = Debug|Any CPU
		{0713418E-703C-4B3E-B861-8292E0436BCB}.Release|Any CPU.ActiveCfg = Release|Any CPU
		{0713418E-703C-4B3E-B861-8292E0436BCB}.Release|Any CPU.Build.0 = Release|Any CPU
		{60AABF02-B3EC-4F2F-9E94-8554394FDB60}.Debug|Any CPU.ActiveCfg = Debug|Any CPU
		{60AABF02-B3EC-4F2F-9E94-8554394FDB60}.Debug|Any CPU.Build.0 = Debug|Any CPU
		{60AABF02-B3EC-4F2F-9E94-8554394FDB60}.Release|Any CPU.ActiveCfg = Release|Any CPU
		{60AABF02-B3EC-4F2F-9E94-8554394FDB60}.Release|Any CPU.Build.0 = Release|Any CPU
		{4A4BAC10-C115-40E7-AC04-6147134BC780}.Debug|Any CPU.ActiveCfg = Debug|Any CPU
		{4A4BAC10-C115-40E7-AC04-6147134BC780}.Debug|Any CPU.Build.0 = Debug|Any CPU
		{4A4BAC10-C115-40E7-AC04-6147134BC780}.Release|Any CPU.ActiveCfg = Release|Any CPU
		{4A4BAC10-C115-40E7-AC04-6147134BC780}.Release|Any CPU.Build.0 = Release|Any CPU
		{82CA3B95-C96D-46A7-9EAE-0ADDFC4A4DB6}.Debug|Any CPU.ActiveCfg = Debug|Any CPU
		{82CA3B95-C96D-46A7-9EAE-0ADDFC4A4DB6}.Debug|Any CPU.Build.0 = Debug|Any CPU
		{82CA3B95-C96D-46A7-9EAE-0ADDFC4A4DB6}.Release|Any CPU.ActiveCfg = Release|Any CPU
		{82CA3B95-C96D-46A7-9EAE-0ADDFC4A4DB6}.Release|Any CPU.Build.0 = Release|Any CPU
		{628616B6-77F5-4939-A227-FC8866AE2B59}.Debug|Any CPU.ActiveCfg = Debug|Any CPU
		{628616B6-77F5-4939-A227-FC8866AE2B59}.Debug|Any CPU.Build.0 = Debug|Any CPU
		{628616B6-77F5-4939-A227-FC8866AE2B59}.Release|Any CPU.ActiveCfg = Release|Any CPU
		{628616B6-77F5-4939-A227-FC8866AE2B59}.Release|Any CPU.Build.0 = Release|Any CPU
		{A0F0DF1C-3114-487D-8CA1-E4FD1B3F2E27}.Debug|Any CPU.ActiveCfg = Debug|Any CPU
		{A0F0DF1C-3114-487D-8CA1-E4FD1B3F2E27}.Debug|Any CPU.Build.0 = Debug|Any CPU
		{A0F0DF1C-3114-487D-8CA1-E4FD1B3F2E27}.Release|Any CPU.ActiveCfg = Release|Any CPU
		{A0F0DF1C-3114-487D-8CA1-E4FD1B3F2E27}.Release|Any CPU.Build.0 = Release|Any CPU
		{E42A5167-3082-452B-B3CE-2BF0B5CBA7D5}.Debug|Any CPU.ActiveCfg = Debug|Any CPU
		{E42A5167-3082-452B-B3CE-2BF0B5CBA7D5}.Debug|Any CPU.Build.0 = Debug|Any CPU
		{E42A5167-3082-452B-B3CE-2BF0B5CBA7D5}.Release|Any CPU.ActiveCfg = Release|Any CPU
		{E42A5167-3082-452B-B3CE-2BF0B5CBA7D5}.Release|Any CPU.Build.0 = Release|Any CPU
		{4FBA591C-B7EE-46BB-8790-A5B775E20C5D}.Debug|Any CPU.ActiveCfg = Debug|Any CPU
		{4FBA591C-B7EE-46BB-8790-A5B775E20C5D}.Debug|Any CPU.Build.0 = Debug|Any CPU
		{4FBA591C-B7EE-46BB-8790-A5B775E20C5D}.Release|Any CPU.ActiveCfg = Release|Any CPU
		{4FBA591C-B7EE-46BB-8790-A5B775E20C5D}.Release|Any CPU.Build.0 = Release|Any CPU
		{88DCD805-1BBB-43BB-8636-D0DA4BD9E6C0}.Debug|Any CPU.ActiveCfg = Debug|Any CPU
		{88DCD805-1BBB-43BB-8636-D0DA4BD9E6C0}.Debug|Any CPU.Build.0 = Debug|Any CPU
		{88DCD805-1BBB-43BB-8636-D0DA4BD9E6C0}.Release|Any CPU.ActiveCfg = Release|Any CPU
		{88DCD805-1BBB-43BB-8636-D0DA4BD9E6C0}.Release|Any CPU.Build.0 = Release|Any CPU
		{229C97F7-89EE-45B3-BFC8-D198DA8402B2}.Debug|Any CPU.ActiveCfg = Debug|Any CPU
		{229C97F7-89EE-45B3-BFC8-D198DA8402B2}.Debug|Any CPU.Build.0 = Debug|Any CPU
		{229C97F7-89EE-45B3-BFC8-D198DA8402B2}.Release|Any CPU.ActiveCfg = Release|Any CPU
		{229C97F7-89EE-45B3-BFC8-D198DA8402B2}.Release|Any CPU.Build.0 = Release|Any CPU
		{2348503A-F3ED-47CB-A28E-F7B5D5B82971}.Debug|Any CPU.ActiveCfg = Debug|Any CPU
		{2348503A-F3ED-47CB-A28E-F7B5D5B82971}.Debug|Any CPU.Build.0 = Debug|Any CPU
		{2348503A-F3ED-47CB-A28E-F7B5D5B82971}.Release|Any CPU.ActiveCfg = Release|Any CPU
		{2348503A-F3ED-47CB-A28E-F7B5D5B82971}.Release|Any CPU.Build.0 = Release|Any CPU
		{0741F794-29C3-4BCE-AC5D-2B54345848C9}.Debug|Any CPU.ActiveCfg = Debug|Any CPU
		{0741F794-29C3-4BCE-AC5D-2B54345848C9}.Debug|Any CPU.Build.0 = Debug|Any CPU
		{0741F794-29C3-4BCE-AC5D-2B54345848C9}.Release|Any CPU.ActiveCfg = Release|Any CPU
		{0741F794-29C3-4BCE-AC5D-2B54345848C9}.Release|Any CPU.Build.0 = Release|Any CPU
		{B482F777-442D-4E1C-B54E-20BF4712B638}.Debug|Any CPU.ActiveCfg = Debug|Any CPU
		{B482F777-442D-4E1C-B54E-20BF4712B638}.Debug|Any CPU.Build.0 = Debug|Any CPU
		{B482F777-442D-4E1C-B54E-20BF4712B638}.Release|Any CPU.ActiveCfg = Release|Any CPU
		{B482F777-442D-4E1C-B54E-20BF4712B638}.Release|Any CPU.Build.0 = Release|Any CPU
		{CD3CCA6E-8E7D-4FB1-B8B3-7809181CE9AB}.Debug|Any CPU.ActiveCfg = Debug|Any CPU
		{CD3CCA6E-8E7D-4FB1-B8B3-7809181CE9AB}.Debug|Any CPU.Build.0 = Debug|Any CPU
		{CD3CCA6E-8E7D-4FB1-B8B3-7809181CE9AB}.Release|Any CPU.ActiveCfg = Release|Any CPU
		{CD3CCA6E-8E7D-4FB1-B8B3-7809181CE9AB}.Release|Any CPU.Build.0 = Release|Any CPU
		{776B0CA7-D810-4E50-BE47-F148449F4038}.Debug|Any CPU.ActiveCfg = Debug|Any CPU
		{776B0CA7-D810-4E50-BE47-F148449F4038}.Debug|Any CPU.Build.0 = Debug|Any CPU
		{776B0CA7-D810-4E50-BE47-F148449F4038}.Release|Any CPU.ActiveCfg = Release|Any CPU
		{776B0CA7-D810-4E50-BE47-F148449F4038}.Release|Any CPU.Build.0 = Release|Any CPU
		{C08A5555-F4E9-48E1-B589-424318156F08}.Debug|Any CPU.ActiveCfg = Debug|Any CPU
		{C08A5555-F4E9-48E1-B589-424318156F08}.Debug|Any CPU.Build.0 = Debug|Any CPU
		{C08A5555-F4E9-48E1-B589-424318156F08}.Release|Any CPU.ActiveCfg = Release|Any CPU
		{C08A5555-F4E9-48E1-B589-424318156F08}.Release|Any CPU.Build.0 = Release|Any CPU
		{8F6AED73-EA05-4030-9ABF-31AA24E68FAD}.Debug|Any CPU.ActiveCfg = Debug|Any CPU
		{8F6AED73-EA05-4030-9ABF-31AA24E68FAD}.Debug|Any CPU.Build.0 = Debug|Any CPU
		{8F6AED73-EA05-4030-9ABF-31AA24E68FAD}.Release|Any CPU.ActiveCfg = Release|Any CPU
		{8F6AED73-EA05-4030-9ABF-31AA24E68FAD}.Release|Any CPU.Build.0 = Release|Any CPU
		{5A3EC29F-D1CE-46A0-9DB3-19D6D290C7B0}.Debug|Any CPU.ActiveCfg = Debug|Any CPU
		{5A3EC29F-D1CE-46A0-9DB3-19D6D290C7B0}.Debug|Any CPU.Build.0 = Debug|Any CPU
		{5A3EC29F-D1CE-46A0-9DB3-19D6D290C7B0}.Release|Any CPU.ActiveCfg = Release|Any CPU
		{5A3EC29F-D1CE-46A0-9DB3-19D6D290C7B0}.Release|Any CPU.Build.0 = Release|Any CPU
		{56BA6A12-4411-4145-B68C-61AAB6E91E52}.Debug|Any CPU.ActiveCfg = Debug|Any CPU
		{56BA6A12-4411-4145-B68C-61AAB6E91E52}.Debug|Any CPU.Build.0 = Debug|Any CPU
		{56BA6A12-4411-4145-B68C-61AAB6E91E52}.Release|Any CPU.ActiveCfg = Release|Any CPU
		{56BA6A12-4411-4145-B68C-61AAB6E91E52}.Release|Any CPU.Build.0 = Release|Any CPU
		{F1993AB7-59FB-46E6-B6D4-71FD951E53A8}.Debug|Any CPU.ActiveCfg = Debug|Any CPU
		{F1993AB7-59FB-46E6-B6D4-71FD951E53A8}.Debug|Any CPU.Build.0 = Debug|Any CPU
		{F1993AB7-59FB-46E6-B6D4-71FD951E53A8}.Release|Any CPU.ActiveCfg = Release|Any CPU
		{F1993AB7-59FB-46E6-B6D4-71FD951E53A8}.Release|Any CPU.Build.0 = Release|Any CPU
	EndGlobalSection
	GlobalSection(SolutionProperties) = preSolution
		HideSolutionNode = FALSE
	EndGlobalSection
EndGlobal
