
Microsoft Visual Studio Solution File, Format Version 12.00
# Visual Studio 2013
VisualStudioVersion = 12.0.31101.0
MinimumVisualStudioVersion = 10.0.40219.1
Project("{FAE04EC0-301F-11D3-BF4B-00C04F79EFBC}") = "01.NestedLoops", "01.NestedLoops\01.NestedLoops.csproj", "{A0CBB873-533E-41FB-BECB-68165472F0A2}"
EndProject
Project("{FAE04EC0-301F-11D3-BF4B-00C04F79EFBC}") = "02.CombinationsDuplicated", "02.CombinationsDuplicated\02.CombinationsDuplicated.csproj", "{328A9735-67F9-44FD-BFAA-F8A05D051EDF}"
EndProject
Project("{FAE04EC0-301F-11D3-BF4B-00C04F79EFBC}") = "03.CombinationsNotDuplicated", "03.CombinationsNotDuplicated\03.CombinationsNotDuplicated.csproj", "{D9AAE9AA-A380-4668-B3C0-7B8867CDB604}"
EndProject
Project("{FAE04EC0-301F-11D3-BF4B-00C04F79EFBC}") = "04.Permutations", "04.Permutations\04.Permutations.csproj", "{92BC8602-5ABF-4F4F-9671-EFDA73EF3659}"
EndProject
Project("{FAE04EC0-301F-11D3-BF4B-00C04F79EFBC}") = "05.WordsVariations", "05.WordsVariations\05.WordsVariations.csproj", "{61FE4FB5-15D7-4035-84F9-AA03325C66E0}"
EndProject
Project("{FAE04EC0-301F-11D3-BF4B-00C04F79EFBC}") = "06.WordCombinations", "06.WordCombinations\06.WordCombinations.csproj", "{4C6E2A8F-3188-48AF-8CAE-EAA91EDFF29A}"
EndProject
Project("{FAE04EC0-301F-11D3-BF4B-00C04F79EFBC}") = "07.MatrixPath", "07.MatrixPath\07.MatrixPath.csproj", "{E6142A68-C3DC-4030-8B87-6C75EBF3E620}"
EndProject
Project("{FAE04EC0-301F-11D3-BF4B-00C04F79EFBC}") = "08.OneHundredMatrix", "08.OneHundredMatrix\08.OneHundredMatrix.csproj", "{C7178C8B-264C-46BC-9906-6EDE52373087}"
EndProject
Project("{FAE04EC0-301F-11D3-BF4B-00C04F79EFBC}") = "09.LargestArea", "09.LargestArea\09.LargestArea.csproj", "{2E0541C8-2401-4EAB-8700-4DE27A7A9943}"
EndProject
Project("{FAE04EC0-301F-11D3-BF4B-00C04F79EFBC}") = "10.AllAreas", "10.AllAreas\10.AllAreas.csproj", "{FC51B9E1-F0CA-4645-8A9A-E65905135A1C}"
EndProject
Project("{FAE04EC0-301F-11D3-BF4B-00C04F79EFBC}") = "11.PermutationsWithRepetitions", "11.PermutationsWithRepetitions\11.PermutationsWithRepetitions.csproj", "{3F1CC9D9-70FB-4627-90FC-EB4C441DB679}"
EndProject
Global
	GlobalSection(SolutionConfigurationPlatforms) = preSolution
		Debug|Any CPU = Debug|Any CPU
		Release|Any CPU = Release|Any CPU
	EndGlobalSection
	GlobalSection(ProjectConfigurationPlatforms) = postSolution
		{A0CBB873-533E-41FB-BECB-68165472F0A2}.Debug|Any CPU.ActiveCfg = Debug|Any CPU
		{A0CBB873-533E-41FB-BECB-68165472F0A2}.Debug|Any CPU.Build.0 = Debug|Any CPU
		{A0CBB873-533E-41FB-BECB-68165472F0A2}.Release|Any CPU.ActiveCfg = Release|Any CPU
		{A0CBB873-533E-41FB-BECB-68165472F0A2}.Release|Any CPU.Build.0 = Release|Any CPU
		{328A9735-67F9-44FD-BFAA-F8A05D051EDF}.Debug|Any CPU.ActiveCfg = Debug|Any CPU
		{328A9735-67F9-44FD-BFAA-F8A05D051EDF}.Debug|Any CPU.Build.0 = Debug|Any CPU
		{328A9735-67F9-44FD-BFAA-F8A05D051EDF}.Release|Any CPU.ActiveCfg = Release|Any CPU
		{328A9735-67F9-44FD-BFAA-F8A05D051EDF}.Release|Any CPU.Build.0 = Release|Any CPU
		{D9AAE9AA-A380-4668-B3C0-7B8867CDB604}.Debug|Any CPU.ActiveCfg = Debug|Any CPU
		{D9AAE9AA-A380-4668-B3C0-7B8867CDB604}.Debug|Any CPU.Build.0 = Debug|Any CPU
		{D9AAE9AA-A380-4668-B3C0-7B8867CDB604}.Release|Any CPU.ActiveCfg = Release|Any CPU
		{D9AAE9AA-A380-4668-B3C0-7B8867CDB604}.Release|Any CPU.Build.0 = Release|Any CPU
		{92BC8602-5ABF-4F4F-9671-EFDA73EF3659}.Debug|Any CPU.ActiveCfg = Debug|Any CPU
		{92BC8602-5ABF-4F4F-9671-EFDA73EF3659}.Debug|Any CPU.Build.0 = Debug|Any CPU
		{92BC8602-5ABF-4F4F-9671-EFDA73EF3659}.Release|Any CPU.ActiveCfg = Release|Any CPU
		{92BC8602-5ABF-4F4F-9671-EFDA73EF3659}.Release|Any CPU.Build.0 = Release|Any CPU
		{61FE4FB5-15D7-4035-84F9-AA03325C66E0}.Debug|Any CPU.ActiveCfg = Debug|Any CPU
		{61FE4FB5-15D7-4035-84F9-AA03325C66E0}.Debug|Any CPU.Build.0 = Debug|Any CPU
		{61FE4FB5-15D7-4035-84F9-AA03325C66E0}.Release|Any CPU.ActiveCfg = Release|Any CPU
		{61FE4FB5-15D7-4035-84F9-AA03325C66E0}.Release|Any CPU.Build.0 = Release|Any CPU
		{4C6E2A8F-3188-48AF-8CAE-EAA91EDFF29A}.Debug|Any CPU.ActiveCfg = Debug|Any CPU
		{4C6E2A8F-3188-48AF-8CAE-EAA91EDFF29A}.Debug|Any CPU.Build.0 = Debug|Any CPU
		{4C6E2A8F-3188-48AF-8CAE-EAA91EDFF29A}.Release|Any CPU.ActiveCfg = Release|Any CPU
		{4C6E2A8F-3188-48AF-8CAE-EAA91EDFF29A}.Release|Any CPU.Build.0 = Release|Any CPU
		{E6142A68-C3DC-4030-8B87-6C75EBF3E620}.Debug|Any CPU.ActiveCfg = Debug|Any CPU
		{E6142A68-C3DC-4030-8B87-6C75EBF3E620}.Debug|Any CPU.Build.0 = Debug|Any CPU
		{E6142A68-C3DC-4030-8B87-6C75EBF3E620}.Release|Any CPU.ActiveCfg = Release|Any CPU
		{E6142A68-C3DC-4030-8B87-6C75EBF3E620}.Release|Any CPU.Build.0 = Release|Any CPU
		{C7178C8B-264C-46BC-9906-6EDE52373087}.Debug|Any CPU.ActiveCfg = Debug|Any CPU
		{C7178C8B-264C-46BC-9906-6EDE52373087}.Debug|Any CPU.Build.0 = Debug|Any CPU
		{C7178C8B-264C-46BC-9906-6EDE52373087}.Release|Any CPU.ActiveCfg = Release|Any CPU
		{C7178C8B-264C-46BC-9906-6EDE52373087}.Release|Any CPU.Build.0 = Release|Any CPU
		{2E0541C8-2401-4EAB-8700-4DE27A7A9943}.Debug|Any CPU.ActiveCfg = Debug|Any CPU
		{2E0541C8-2401-4EAB-8700-4DE27A7A9943}.Debug|Any CPU.Build.0 = Debug|Any CPU
		{2E0541C8-2401-4EAB-8700-4DE27A7A9943}.Release|Any CPU.ActiveCfg = Release|Any CPU
		{2E0541C8-2401-4EAB-8700-4DE27A7A9943}.Release|Any CPU.Build.0 = Release|Any CPU
		{FC51B9E1-F0CA-4645-8A9A-E65905135A1C}.Debug|Any CPU.ActiveCfg = Debug|Any CPU
		{FC51B9E1-F0CA-4645-8A9A-E65905135A1C}.Debug|Any CPU.Build.0 = Debug|Any CPU
		{FC51B9E1-F0CA-4645-8A9A-E65905135A1C}.Release|Any CPU.ActiveCfg = Release|Any CPU
		{FC51B9E1-F0CA-4645-8A9A-E65905135A1C}.Release|Any CPU.Build.0 = Release|Any CPU
		{3F1CC9D9-70FB-4627-90FC-EB4C441DB679}.Debug|Any CPU.ActiveCfg = Debug|Any CPU
		{3F1CC9D9-70FB-4627-90FC-EB4C441DB679}.Debug|Any CPU.Build.0 = Debug|Any CPU
		{3F1CC9D9-70FB-4627-90FC-EB4C441DB679}.Release|Any CPU.ActiveCfg = Release|Any CPU
		{3F1CC9D9-70FB-4627-90FC-EB4C441DB679}.Release|Any CPU.Build.0 = Release|Any CPU
	EndGlobalSection
	GlobalSection(SolutionProperties) = preSolution
		HideSolutionNode = FALSE
	EndGlobalSection
EndGlobal
