
Microsoft Visual Studio Solution File, Format Version 12.00
# Visual Studio 2013
VisualStudioVersion = 12.0.31101.0
MinimumVisualStudioVersion = 10.0.40219.1
Project("{FAE04EC0-301F-11D3-BF4B-00C04F79EFBC}") = "NamingInditefiers", "NamingInditefiers\NamingInditefiers.csproj", "{6E7A2792-A18C-4602-B315-9FC1FF2233C0}"
EndProject
Project("{FAE04EC0-301F-11D3-BF4B-00C04F79EFBC}") = "MakePersonInCSharp", "MakePersonInCSharp\MakePersonInCSharp.csproj", "{3BE27E9B-8E5E-4628-8388-07B00F4E6FB5}"
EndProject
Project("{2150E333-8FDC-42A3-9474-1A3956D46DE8}") = "Solution Items", "Solution Items", "{7A19E23A-FC18-41FD-B075-CE34FC642A18}"
	ProjectSection(SolutionItems) = preProject
		clickOnTheButton.js = clickOnTheButton.js
	EndProjectSection
EndProject
Project("{FAE04EC0-301F-11D3-BF4B-00C04F79EFBC}") = "Task04RefactorAnd-ImproveTheCode", "Task04RefactorAnd-ImproveTheCode\Task04RefactorAnd-ImproveTheCode.csproj", "{5832E1F1-83DA-440B-9B4F-A171A45A6D05}"
EndProject
Global
	GlobalSection(SolutionConfigurationPlatforms) = preSolution
		Debug|Any CPU = Debug|Any CPU
		Release|Any CPU = Release|Any CPU
	EndGlobalSection
	GlobalSection(ProjectConfigurationPlatforms) = postSolution
		{6E7A2792-A18C-4602-B315-9FC1FF2233C0}.Debug|Any CPU.ActiveCfg = Debug|Any CPU
		{6E7A2792-A18C-4602-B315-9FC1FF2233C0}.Debug|Any CPU.Build.0 = Debug|Any CPU
		{6E7A2792-A18C-4602-B315-9FC1FF2233C0}.Release|Any CPU.ActiveCfg = Release|Any CPU
		{6E7A2792-A18C-4602-B315-9FC1FF2233C0}.Release|Any CPU.Build.0 = Release|Any CPU
		{3BE27E9B-8E5E-4628-8388-07B00F4E6FB5}.Debug|Any CPU.ActiveCfg = Debug|Any CPU
		{3BE27E9B-8E5E-4628-8388-07B00F4E6FB5}.Debug|Any CPU.Build.0 = Debug|Any CPU
		{3BE27E9B-8E5E-4628-8388-07B00F4E6FB5}.Release|Any CPU.ActiveCfg = Release|Any CPU
		{3BE27E9B-8E5E-4628-8388-07B00F4E6FB5}.Release|Any CPU.Build.0 = Release|Any CPU
		{5832E1F1-83DA-440B-9B4F-A171A45A6D05}.Debug|Any CPU.ActiveCfg = Debug|Any CPU
		{5832E1F1-83DA-440B-9B4F-A171A45A6D05}.Debug|Any CPU.Build.0 = Debug|Any CPU
		{5832E1F1-83DA-440B-9B4F-A171A45A6D05}.Release|Any CPU.ActiveCfg = Release|Any CPU
		{5832E1F1-83DA-440B-9B4F-A171A45A6D05}.Release|Any CPU.Build.0 = Release|Any CPU
	EndGlobalSection
	GlobalSection(SolutionProperties) = preSolution
		HideSolutionNode = FALSE
	EndGlobalSection
EndGlobal
