
Microsoft Visual Studio Solution File, Format Version 12.00
# Visual Studio 2013
VisualStudioVersion = 12.0.31101.0
MinimumVisualStudioVersion = 10.0.40219.1
Project("{2150E333-8FDC-42A3-9474-1A3956D46DE8}") = "Data", "Data", "{B70089FF-5DAC-4133-A40A-19ACE67A2262}"
EndProject
Project("{FAE04EC0-301F-11D3-BF4B-00C04F79EFBC}") = "BullsAndCows.Data", "Data\BullsAndCows.Data\BullsAndCows.Data.csproj", "{28B1E3FD-313E-4E5B-BFF3-EA724202CAB0}"
EndProject
Project("{2150E333-8FDC-42A3-9474-1A3956D46DE8}") = "Web", "Web", "{66DE0544-5221-4349-A263-5F07CDFD9465}"
EndProject
Project("{FAE04EC0-301F-11D3-BF4B-00C04F79EFBC}") = "BullsAndCows.Models", "Data\BullsAndCows.Models\BullsAndCows.Models.csproj", "{598B3872-3558-41C4-93A3-E76E417A67B2}"
EndProject
Project("{FAE04EC0-301F-11D3-BF4B-00C04F79EFBC}") = "BullsAndCows.WebApi", "Web\BullsAndCows.WebApi\BullsAndCows.WebApi.csproj", "{15642C40-D8DC-4259-ADA9-065684A82342}"
EndProject
Project("{2150E333-8FDC-42A3-9474-1A3956D46DE8}") = "Services", "Services", "{E3554436-5C57-4184-AD39-AD256ED6BFCC}"
EndProject
Project("{FAE04EC0-301F-11D3-BF4B-00C04F79EFBC}") = "BullsAndCows.Services", "Services\BullsAndCows.Services\BullsAndCows.Services.csproj", "{5BB5161F-5CF9-4245-ADC3-0D428F9ABB00}"
EndProject
Project("{2150E333-8FDC-42A3-9474-1A3956D46DE8}") = "Common", "Common", "{562AF849-04F9-4E8B-807C-DBA176C865A7}"
EndProject
Project("{FAE04EC0-301F-11D3-BF4B-00C04F79EFBC}") = "BullsAndCows.Common", "Common\BullsAndCows.Common\BullsAndCows.Common.csproj", "{F0D578C3-AAA1-4CAC-8704-F587FFFFC596}"
EndProject
Project("{FAE04EC0-301F-11D3-BF4B-00C04F79EFBC}") = "BullsAndCows.UsersService", "BullsAndCows.UsersService\BullsAndCows.UsersService.csproj", "{7CD2F8FD-24C6-4EEA-8F86-AD117F1567DC}"
EndProject
Project("{2150E333-8FDC-42A3-9474-1A3956D46DE8}") = "Tests", "Tests", "{69083824-BF29-4225-A537-C48A90BF9589}"
EndProject
Project("{FAE04EC0-301F-11D3-BF4B-00C04F79EFBC}") = "BullsAndCows.Tests.UnitTests", "Tests\BullsAndCows.Tests.UnitTests\BullsAndCows.Tests.UnitTests.csproj", "{093AFBA9-7521-4750-9F7D-437BB1CC8CD3}"
EndProject
Global
	GlobalSection(SolutionConfigurationPlatforms) = preSolution
		Debug|Any CPU = Debug|Any CPU
		Release|Any CPU = Release|Any CPU
	EndGlobalSection
	GlobalSection(ProjectConfigurationPlatforms) = postSolution
		{28B1E3FD-313E-4E5B-BFF3-EA724202CAB0}.Debug|Any CPU.ActiveCfg = Debug|Any CPU
		{28B1E3FD-313E-4E5B-BFF3-EA724202CAB0}.Debug|Any CPU.Build.0 = Debug|Any CPU
		{28B1E3FD-313E-4E5B-BFF3-EA724202CAB0}.Release|Any CPU.ActiveCfg = Release|Any CPU
		{28B1E3FD-313E-4E5B-BFF3-EA724202CAB0}.Release|Any CPU.Build.0 = Release|Any CPU
		{598B3872-3558-41C4-93A3-E76E417A67B2}.Debug|Any CPU.ActiveCfg = Debug|Any CPU
		{598B3872-3558-41C4-93A3-E76E417A67B2}.Debug|Any CPU.Build.0 = Debug|Any CPU
		{598B3872-3558-41C4-93A3-E76E417A67B2}.Release|Any CPU.ActiveCfg = Release|Any CPU
		{598B3872-3558-41C4-93A3-E76E417A67B2}.Release|Any CPU.Build.0 = Release|Any CPU
		{15642C40-D8DC-4259-ADA9-065684A82342}.Debug|Any CPU.ActiveCfg = Debug|Any CPU
		{15642C40-D8DC-4259-ADA9-065684A82342}.Debug|Any CPU.Build.0 = Debug|Any CPU
		{15642C40-D8DC-4259-ADA9-065684A82342}.Release|Any CPU.ActiveCfg = Release|Any CPU
		{15642C40-D8DC-4259-ADA9-065684A82342}.Release|Any CPU.Build.0 = Release|Any CPU
		{5BB5161F-5CF9-4245-ADC3-0D428F9ABB00}.Debug|Any CPU.ActiveCfg = Debug|Any CPU
		{5BB5161F-5CF9-4245-ADC3-0D428F9ABB00}.Debug|Any CPU.Build.0 = Debug|Any CPU
		{5BB5161F-5CF9-4245-ADC3-0D428F9ABB00}.Release|Any CPU.ActiveCfg = Release|Any CPU
		{5BB5161F-5CF9-4245-ADC3-0D428F9ABB00}.Release|Any CPU.Build.0 = Release|Any CPU
		{F0D578C3-AAA1-4CAC-8704-F587FFFFC596}.Debug|Any CPU.ActiveCfg = Debug|Any CPU
		{F0D578C3-AAA1-4CAC-8704-F587FFFFC596}.Debug|Any CPU.Build.0 = Debug|Any CPU
		{F0D578C3-AAA1-4CAC-8704-F587FFFFC596}.Release|Any CPU.ActiveCfg = Release|Any CPU
		{F0D578C3-AAA1-4CAC-8704-F587FFFFC596}.Release|Any CPU.Build.0 = Release|Any CPU
		{7CD2F8FD-24C6-4EEA-8F86-AD117F1567DC}.Debug|Any CPU.ActiveCfg = Debug|Any CPU
		{7CD2F8FD-24C6-4EEA-8F86-AD117F1567DC}.Debug|Any CPU.Build.0 = Debug|Any CPU
		{7CD2F8FD-24C6-4EEA-8F86-AD117F1567DC}.Release|Any CPU.ActiveCfg = Release|Any CPU
		{7CD2F8FD-24C6-4EEA-8F86-AD117F1567DC}.Release|Any CPU.Build.0 = Release|Any CPU
		{093AFBA9-7521-4750-9F7D-437BB1CC8CD3}.Debug|Any CPU.ActiveCfg = Debug|Any CPU
		{093AFBA9-7521-4750-9F7D-437BB1CC8CD3}.Debug|Any CPU.Build.0 = Debug|Any CPU
		{093AFBA9-7521-4750-9F7D-437BB1CC8CD3}.Release|Any CPU.ActiveCfg = Release|Any CPU
		{093AFBA9-7521-4750-9F7D-437BB1CC8CD3}.Release|Any CPU.Build.0 = Release|Any CPU
	EndGlobalSection
	GlobalSection(SolutionProperties) = preSolution
		HideSolutionNode = FALSE
	EndGlobalSection
	GlobalSection(NestedProjects) = preSolution
		{28B1E3FD-313E-4E5B-BFF3-EA724202CAB0} = {B70089FF-5DAC-4133-A40A-19ACE67A2262}
		{598B3872-3558-41C4-93A3-E76E417A67B2} = {B70089FF-5DAC-4133-A40A-19ACE67A2262}
		{15642C40-D8DC-4259-ADA9-065684A82342} = {66DE0544-5221-4349-A263-5F07CDFD9465}
		{5BB5161F-5CF9-4245-ADC3-0D428F9ABB00} = {E3554436-5C57-4184-AD39-AD256ED6BFCC}
		{F0D578C3-AAA1-4CAC-8704-F587FFFFC596} = {562AF849-04F9-4E8B-807C-DBA176C865A7}
		{7CD2F8FD-24C6-4EEA-8F86-AD117F1567DC} = {E3554436-5C57-4184-AD39-AD256ED6BFCC}
		{093AFBA9-7521-4750-9F7D-437BB1CC8CD3} = {69083824-BF29-4225-A537-C48A90BF9589}
	EndGlobalSection
EndGlobal
