
Microsoft Visual Studio Solution File, Format Version 12.00
# Visual Studio 2013
VisualStudioVersion = 12.0.31101.0
MinimumVisualStudioVersion = 10.0.40219.1
Project("{FAE04EC0-301F-11D3-BF4B-00C04F79EFBC}") = "01.SayHello", "01.SayHello\01.SayHello.csproj", "{AEB1A0D8-6E39-4212-AEDA-2730FFD7CCF7}"
EndProject
Project("{FAE04EC0-301F-11D3-BF4B-00C04F79EFBC}") = "01.SayHelloConsole", "01.SayHelloConsole\01.SayHelloConsole.csproj", "{0ECA4201-F9DB-4D18-900A-7EBFBACD3375}"
EndProject
Project("{FAE04EC0-301F-11D3-BF4B-00C04F79EFBC}") = "P02GetLargest", "P02GetLargest\P02GetLargest.csproj", "{375E5B9F-A9A8-4ACA-872B-B22323F588E7}"
EndProject
Project("{FAE04EC0-301F-11D3-BF4B-00C04F79EFBC}") = "P03EnglishDigit", "P03EnglishDigit\P03EnglishDigit.csproj", "{21AF513D-A1F5-4823-BC63-C2A9EE787052}"
EndProject
Project("{FAE04EC0-301F-11D3-BF4B-00C04F79EFBC}") = "P04ApearanceCount", "P04ApearanceCount\P04ApearanceCount.csproj", "{A276A69B-EF41-49A4-8E8F-6A36A37B772A}"
EndProject
Project("{FAE04EC0-301F-11D3-BF4B-00C04F79EFBC}") = "P05LargerThanNeighbours", "P05LargerThanNeighbours\P05LargerThanNeighbours.csproj", "{9D739DCE-154C-4E53-B7BF-ED93D3A2EA53}"
EndProject
Project("{FAE04EC0-301F-11D3-BF4B-00C04F79EFBC}") = "P06FirstLargerThanNeighbours", "P06FirstLargerThanNeighbours\P06FirstLargerThanNeighbours.csproj", "{3EF64F03-2611-4580-91AB-3C8BD6A8844B}"
EndProject
Project("{FAE04EC0-301F-11D3-BF4B-00C04F79EFBC}") = "P07Reverse", "P07Reverse\P07Reverse.csproj", "{D48F6B6F-5371-48C8-B34A-53444ADA60B9}"
EndProject
Project("{FAE04EC0-301F-11D3-BF4B-00C04F79EFBC}") = "P08NumberAsArray", "P08NumberAsArray\P08NumberAsArray.csproj", "{032C718B-9E1B-43B3-967F-76CDE6C6F32D}"
EndProject
Project("{FAE04EC0-301F-11D3-BF4B-00C04F79EFBC}") = "P09SortingArray", "P09SortingArray\P09SortingArray.csproj", "{54961CDF-F5AA-4D30-A5C8-D01C87ECF1CA}"
EndProject
Project("{FAE04EC0-301F-11D3-BF4B-00C04F79EFBC}") = "P10NFactoriel", "P10NFactoriel\P10NFactoriel.csproj", "{CBB94729-0447-43D2-81C3-755A7B803F31}"
EndProject
Project("{FAE04EC0-301F-11D3-BF4B-00C04F79EFBC}") = "P11AddingPolynomials", "P11AddingPolynomials\P11AddingPolynomials.csproj", "{1F9AA546-6956-467F-932E-054E167EAD5C}"
EndProject
Project("{FAE04EC0-301F-11D3-BF4B-00C04F79EFBC}") = "P13SolveTasks", "P13SolveTasks\P13SolveTasks.csproj", "{ACD14E5E-FACE-4EC5-968F-6696DEDCC695}"
EndProject
Project("{FAE04EC0-301F-11D3-BF4B-00C04F79EFBC}") = "P14InteregCalculations", "P14InteregCalculations\P14InteregCalculations.csproj", "{56DC7DC0-8C03-4945-9D18-3CB2C6E90F8D}"
EndProject
Project("{FAE04EC0-301F-11D3-BF4B-00C04F79EFBC}") = "P15NumberCalculations", "P15NumberCalculations\P15NumberCalculations.csproj", "{5C13C938-57CB-411D-8E5E-C83B554C8462}"
EndProject
Global
	GlobalSection(SolutionConfigurationPlatforms) = preSolution
		Debug|Any CPU = Debug|Any CPU
		Release|Any CPU = Release|Any CPU
	EndGlobalSection
	GlobalSection(ProjectConfigurationPlatforms) = postSolution
		{AEB1A0D8-6E39-4212-AEDA-2730FFD7CCF7}.Debug|Any CPU.ActiveCfg = Debug|Any CPU
		{AEB1A0D8-6E39-4212-AEDA-2730FFD7CCF7}.Debug|Any CPU.Build.0 = Debug|Any CPU
		{AEB1A0D8-6E39-4212-AEDA-2730FFD7CCF7}.Release|Any CPU.ActiveCfg = Release|Any CPU
		{AEB1A0D8-6E39-4212-AEDA-2730FFD7CCF7}.Release|Any CPU.Build.0 = Release|Any CPU
		{0ECA4201-F9DB-4D18-900A-7EBFBACD3375}.Debug|Any CPU.ActiveCfg = Debug|Any CPU
		{0ECA4201-F9DB-4D18-900A-7EBFBACD3375}.Debug|Any CPU.Build.0 = Debug|Any CPU
		{0ECA4201-F9DB-4D18-900A-7EBFBACD3375}.Release|Any CPU.ActiveCfg = Release|Any CPU
		{0ECA4201-F9DB-4D18-900A-7EBFBACD3375}.Release|Any CPU.Build.0 = Release|Any CPU
		{375E5B9F-A9A8-4ACA-872B-B22323F588E7}.Debug|Any CPU.ActiveCfg = Debug|Any CPU
		{375E5B9F-A9A8-4ACA-872B-B22323F588E7}.Debug|Any CPU.Build.0 = Debug|Any CPU
		{375E5B9F-A9A8-4ACA-872B-B22323F588E7}.Release|Any CPU.ActiveCfg = Release|Any CPU
		{375E5B9F-A9A8-4ACA-872B-B22323F588E7}.Release|Any CPU.Build.0 = Release|Any CPU
		{21AF513D-A1F5-4823-BC63-C2A9EE787052}.Debug|Any CPU.ActiveCfg = Debug|Any CPU
		{21AF513D-A1F5-4823-BC63-C2A9EE787052}.Debug|Any CPU.Build.0 = Debug|Any CPU
		{21AF513D-A1F5-4823-BC63-C2A9EE787052}.Release|Any CPU.ActiveCfg = Release|Any CPU
		{21AF513D-A1F5-4823-BC63-C2A9EE787052}.Release|Any CPU.Build.0 = Release|Any CPU
		{A276A69B-EF41-49A4-8E8F-6A36A37B772A}.Debug|Any CPU.ActiveCfg = Debug|Any CPU
		{A276A69B-EF41-49A4-8E8F-6A36A37B772A}.Debug|Any CPU.Build.0 = Debug|Any CPU
		{A276A69B-EF41-49A4-8E8F-6A36A37B772A}.Release|Any CPU.ActiveCfg = Release|Any CPU
		{A276A69B-EF41-49A4-8E8F-6A36A37B772A}.Release|Any CPU.Build.0 = Release|Any CPU
		{9D739DCE-154C-4E53-B7BF-ED93D3A2EA53}.Debug|Any CPU.ActiveCfg = Debug|Any CPU
		{9D739DCE-154C-4E53-B7BF-ED93D3A2EA53}.Debug|Any CPU.Build.0 = Debug|Any CPU
		{9D739DCE-154C-4E53-B7BF-ED93D3A2EA53}.Release|Any CPU.ActiveCfg = Release|Any CPU
		{9D739DCE-154C-4E53-B7BF-ED93D3A2EA53}.Release|Any CPU.Build.0 = Release|Any CPU
		{3EF64F03-2611-4580-91AB-3C8BD6A8844B}.Debug|Any CPU.ActiveCfg = Debug|Any CPU
		{3EF64F03-2611-4580-91AB-3C8BD6A8844B}.Debug|Any CPU.Build.0 = Debug|Any CPU
		{3EF64F03-2611-4580-91AB-3C8BD6A8844B}.Release|Any CPU.ActiveCfg = Release|Any CPU
		{3EF64F03-2611-4580-91AB-3C8BD6A8844B}.Release|Any CPU.Build.0 = Release|Any CPU
		{D48F6B6F-5371-48C8-B34A-53444ADA60B9}.Debug|Any CPU.ActiveCfg = Debug|Any CPU
		{D48F6B6F-5371-48C8-B34A-53444ADA60B9}.Debug|Any CPU.Build.0 = Debug|Any CPU
		{D48F6B6F-5371-48C8-B34A-53444ADA60B9}.Release|Any CPU.ActiveCfg = Release|Any CPU
		{D48F6B6F-5371-48C8-B34A-53444ADA60B9}.Release|Any CPU.Build.0 = Release|Any CPU
		{032C718B-9E1B-43B3-967F-76CDE6C6F32D}.Debug|Any CPU.ActiveCfg = Debug|Any CPU
		{032C718B-9E1B-43B3-967F-76CDE6C6F32D}.Debug|Any CPU.Build.0 = Debug|Any CPU
		{032C718B-9E1B-43B3-967F-76CDE6C6F32D}.Release|Any CPU.ActiveCfg = Release|Any CPU
		{032C718B-9E1B-43B3-967F-76CDE6C6F32D}.Release|Any CPU.Build.0 = Release|Any CPU
		{54961CDF-F5AA-4D30-A5C8-D01C87ECF1CA}.Debug|Any CPU.ActiveCfg = Debug|Any CPU
		{54961CDF-F5AA-4D30-A5C8-D01C87ECF1CA}.Debug|Any CPU.Build.0 = Debug|Any CPU
		{54961CDF-F5AA-4D30-A5C8-D01C87ECF1CA}.Release|Any CPU.ActiveCfg = Release|Any CPU
		{54961CDF-F5AA-4D30-A5C8-D01C87ECF1CA}.Release|Any CPU.Build.0 = Release|Any CPU
		{CBB94729-0447-43D2-81C3-755A7B803F31}.Debug|Any CPU.ActiveCfg = Debug|Any CPU
		{CBB94729-0447-43D2-81C3-755A7B803F31}.Debug|Any CPU.Build.0 = Debug|Any CPU
		{CBB94729-0447-43D2-81C3-755A7B803F31}.Release|Any CPU.ActiveCfg = Release|Any CPU
		{CBB94729-0447-43D2-81C3-755A7B803F31}.Release|Any CPU.Build.0 = Release|Any CPU
		{1F9AA546-6956-467F-932E-054E167EAD5C}.Debug|Any CPU.ActiveCfg = Debug|Any CPU
		{1F9AA546-6956-467F-932E-054E167EAD5C}.Debug|Any CPU.Build.0 = Debug|Any CPU
		{1F9AA546-6956-467F-932E-054E167EAD5C}.Release|Any CPU.ActiveCfg = Release|Any CPU
		{1F9AA546-6956-467F-932E-054E167EAD5C}.Release|Any CPU.Build.0 = Release|Any CPU
		{ACD14E5E-FACE-4EC5-968F-6696DEDCC695}.Debug|Any CPU.ActiveCfg = Debug|Any CPU
		{ACD14E5E-FACE-4EC5-968F-6696DEDCC695}.Debug|Any CPU.Build.0 = Debug|Any CPU
		{ACD14E5E-FACE-4EC5-968F-6696DEDCC695}.Release|Any CPU.ActiveCfg = Release|Any CPU
		{ACD14E5E-FACE-4EC5-968F-6696DEDCC695}.Release|Any CPU.Build.0 = Release|Any CPU
		{56DC7DC0-8C03-4945-9D18-3CB2C6E90F8D}.Debug|Any CPU.ActiveCfg = Debug|Any CPU
		{56DC7DC0-8C03-4945-9D18-3CB2C6E90F8D}.Debug|Any CPU.Build.0 = Debug|Any CPU
		{56DC7DC0-8C03-4945-9D18-3CB2C6E90F8D}.Release|Any CPU.ActiveCfg = Release|Any CPU
		{56DC7DC0-8C03-4945-9D18-3CB2C6E90F8D}.Release|Any CPU.Build.0 = Release|Any CPU
		{5C13C938-57CB-411D-8E5E-C83B554C8462}.Debug|Any CPU.ActiveCfg = Debug|Any CPU
		{5C13C938-57CB-411D-8E5E-C83B554C8462}.Debug|Any CPU.Build.0 = Debug|Any CPU
		{5C13C938-57CB-411D-8E5E-C83B554C8462}.Release|Any CPU.ActiveCfg = Release|Any CPU
		{5C13C938-57CB-411D-8E5E-C83B554C8462}.Release|Any CPU.Build.0 = Release|Any CPU
	EndGlobalSection
	GlobalSection(SolutionProperties) = preSolution
		HideSolutionNode = FALSE
	EndGlobalSection
EndGlobal
