
Microsoft Visual Studio Solution File, Format Version 12.00
# Visual Studio 2013
VisualStudioVersion = 12.0.31101.0
MinimumVisualStudioVersion = 10.0.40219.1
Project("{FAE04EC0-301F-11D3-BF4B-00C04F79EFBC}") = "01.RowsFromCategoriesTable", "01.RowsFromCategoriesTable\01.RowsFromCategoriesTable.csproj", "{081AB16D-B36F-4DFE-A01A-2F74AA26D3BB}"
EndProject
Project("{FAE04EC0-301F-11D3-BF4B-00C04F79EFBC}") = "06.ExcellProcessing", "06.ExcellProcessing\06.ExcellProcessing.csproj", "{C064D779-4BE5-43F8-A398-03935978CBFC}"
EndProject
Global
	GlobalSection(SolutionConfigurationPlatforms) = preSolution
		Debug|Any CPU = Debug|Any CPU
		Release|Any CPU = Release|Any CPU
	EndGlobalSection
	GlobalSection(ProjectConfigurationPlatforms) = postSolution
		{081AB16D-B36F-4DFE-A01A-2F74AA26D3BB}.Debug|Any CPU.ActiveCfg = Debug|Any CPU
		{081AB16D-B36F-4DFE-A01A-2F74AA26D3BB}.Debug|Any CPU.Build.0 = Debug|Any CPU
		{081AB16D-B36F-4DFE-A01A-2F74AA26D3BB}.Release|Any CPU.ActiveCfg = Release|Any CPU
		{081AB16D-B36F-4DFE-A01A-2F74AA26D3BB}.Release|Any CPU.Build.0 = Release|Any CPU
		{C064D779-4BE5-43F8-A398-03935978CBFC}.Debug|Any CPU.ActiveCfg = Debug|Any CPU
		{C064D779-4BE5-43F8-A398-03935978CBFC}.Debug|Any CPU.Build.0 = Debug|Any CPU
		{C064D779-4BE5-43F8-A398-03935978CBFC}.Release|Any CPU.ActiveCfg = Release|Any CPU
		{C064D779-4BE5-43F8-A398-03935978CBFC}.Release|Any CPU.Build.0 = Release|Any CPU
	EndGlobalSection
	GlobalSection(SolutionProperties) = preSolution
		HideSolutionNode = FALSE
	EndGlobalSection
EndGlobal
