
Microsoft Visual Studio Solution File, Format Version 12.00
# Visual Studio 2013
VisualStudioVersion = 12.0.31101.0
MinimumVisualStudioVersion = 10.0.40219.1
Project("{FAE04EC0-301F-11D3-BF4B-00C04F79EFBC}") = "TreeOfNnodes", "TreeOfNnodes\TreeOfNnodes.csproj", "{EE5444F2-254F-4796-923A-4B35B383EDF6}"
EndProject
Project("{FAE04EC0-301F-11D3-BF4B-00C04F79EFBC}") = "02.TraverseWindowsFolder", "02.TraverseWindowsFolder\02.TraverseWindowsFolder.csproj", "{898A18F7-FF56-4EDC-BF2D-F1003439C2D0}"
EndProject
Project("{FAE04EC0-301F-11D3-BF4B-00C04F79EFBC}") = "03.WindowsSumSizeOfFiles", "03.WindowsSumSizeOfFiles\03.WindowsSumSizeOfFiles.csproj", "{D136E837-6727-4D4A-9922-7D553BF63612}"
EndProject
Global
	GlobalSection(SolutionConfigurationPlatforms) = preSolution
		Debug|Any CPU = Debug|Any CPU
		Release|Any CPU = Release|Any CPU
	EndGlobalSection
	GlobalSection(ProjectConfigurationPlatforms) = postSolution
		{EE5444F2-254F-4796-923A-4B35B383EDF6}.Debug|Any CPU.ActiveCfg = Debug|Any CPU
		{EE5444F2-254F-4796-923A-4B35B383EDF6}.Debug|Any CPU.Build.0 = Debug|Any CPU
		{EE5444F2-254F-4796-923A-4B35B383EDF6}.Release|Any CPU.ActiveCfg = Release|Any CPU
		{EE5444F2-254F-4796-923A-4B35B383EDF6}.Release|Any CPU.Build.0 = Release|Any CPU
		{898A18F7-FF56-4EDC-BF2D-F1003439C2D0}.Debug|Any CPU.ActiveCfg = Debug|Any CPU
		{898A18F7-FF56-4EDC-BF2D-F1003439C2D0}.Debug|Any CPU.Build.0 = Debug|Any CPU
		{898A18F7-FF56-4EDC-BF2D-F1003439C2D0}.Release|Any CPU.ActiveCfg = Release|Any CPU
		{898A18F7-FF56-4EDC-BF2D-F1003439C2D0}.Release|Any CPU.Build.0 = Release|Any CPU
		{D136E837-6727-4D4A-9922-7D553BF63612}.Debug|Any CPU.ActiveCfg = Debug|Any CPU
		{D136E837-6727-4D4A-9922-7D553BF63612}.Debug|Any CPU.Build.0 = Debug|Any CPU
		{D136E837-6727-4D4A-9922-7D553BF63612}.Release|Any CPU.ActiveCfg = Release|Any CPU
		{D136E837-6727-4D4A-9922-7D553BF63612}.Release|Any CPU.Build.0 = Release|Any CPU
	EndGlobalSection
	GlobalSection(SolutionProperties) = preSolution
		HideSolutionNode = FALSE
	EndGlobalSection
EndGlobal
